
Microsoft Visual Studio Solution File, Format Version 12.00
# Visual Studio Version 17
VisualStudioVersion = 17.4.33213.308
MinimumVisualStudioVersion = 10.0.40219.1
Project("{FAE04EC0-301F-11D3-BF4B-00C04F79EFBC}") = "ClubInterface", "ClubInterface\ClubInterface.csproj", "{09E49BC7-31AC-4771-A765-B42180131A4D}"
EndProject
Global
	GlobalSection(SolutionConfigurationPlatforms) = preSolution
		Debug|Any CPU = Debug|Any CPU
		Release|Any CPU = Release|Any CPU
	EndGlobalSection
	GlobalSection(ProjectConfigurationPlatforms) = postSolution
		{09E49BC7-31AC-4771-A765-B42180131A4D}.Debug|Any CPU.ActiveCfg = Debug|Any CPU
		{09E49BC7-31AC-4771-A765-B42180131A4D}.Debug|Any CPU.Build.0 = Debug|Any CPU
		{09E49BC7-31AC-4771-A765-B42180131A4D}.Release|Any CPU.ActiveCfg = Release|Any CPU
		{09E49BC7-31AC-4771-A765-B42180131A4D}.Release|Any CPU.Build.0 = Release|Any CPU
	EndGlobalSection
	GlobalSection(SolutionProperties) = preSolution
		HideSolutionNode = FALSE
	EndGlobalSection
	GlobalSection(ExtensibilityGlobals) = postSolution
		SolutionGuid = {D4C9A7EE-E09D-4B70-9865-268F64D83C18}
	EndGlobalSection
EndGlobal
